// !$*UTF8*$!
{
	archiveVersion = 1;
	classes = {
	};
	objectVersion = 46;
	objects = {

/* Begin PBXBuildFile section */
		7A04F57718901CA9009FAA3B /* SearchTableView.m in Sources */ = {isa = PBXBuildFile; fileRef = 7A04F57618901CA9009FAA3B /* SearchTableView.m */; };
		7A04F57A18904B94009FAA3B /* FoodsAndDrinksTableView.m in Sources */ = {isa = PBXBuildFile; fileRef = 7A04F57918904B94009FAA3B /* FoodsAndDrinksTableView.m */; };
		7A157ED71893D86F0092BBBB /* ic_action_search.png in Resources */ = {isa = PBXBuildFile; fileRef = 7A157ED61893D86F0092BBBB /* ic_action_search.png */; };
		7A157ED91893DF930092BBBB /* ic_action_map.png in Resources */ = {isa = PBXBuildFile; fileRef = 7A157ED81893DF930092BBBB /* ic_action_map.png */; };
		7A157EDB1893DFA10092BBBB /* ic_action_view_as_list.png in Resources */ = {isa = PBXBuildFile; fileRef = 7A157EDA1893DFA10092BBBB /* ic_action_view_as_list.png */; };
		7A157EDD1893E84F0092BBBB /* ic_action_camera.png in Resources */ = {isa = PBXBuildFile; fileRef = 7A157EDC1893E84F0092BBBB /* ic_action_camera.png */; };
		7A157EDF1893E8660092BBBB /* ic_action_about.png in Resources */ = {isa = PBXBuildFile; fileRef = 7A157EDE1893E8660092BBBB /* ic_action_about.png */; };
		7A157EE11893F1140092BBBB /* tab_select_indicator_white.png in Resources */ = {isa = PBXBuildFile; fileRef = 7A157EE01893F1140092BBBB /* tab_select_indicator_white.png */; };
		7A157EE3189418F70092BBBB /* lila.png in Resources */ = {isa = PBXBuildFile; fileRef = 7A157EE2189418F70092BBBB /* lila.png */; };
		7A157EE518941D400092BBBB /* navigation.png in Resources */ = {isa = PBXBuildFile; fileRef = 7A157EE418941D400092BBBB /* navigation.png */; };
		7A157EE918942BD60092BBBB /* background.png in Resources */ = {isa = PBXBuildFile; fileRef = 7A157EE818942BD60092BBBB /* background.png */; };
		7A1A412B18804B0F0052D859 /* NewTypePickerView.m in Sources */ = {isa = PBXBuildFile; fileRef = 7A1A412A18804B0F0052D859 /* NewTypePickerView.m */; };
		7A43B8CE187C46F500725428 /* UIKit.framework in Frameworks */ = {isa = PBXBuildFile; fileRef = 7A43B8CD187C46F500725428 /* UIKit.framework */; };
		7A43B8D0187C46F500725428 /* Foundation.framework in Frameworks */ = {isa = PBXBuildFile; fileRef = 7A43B8CF187C46F500725428 /* Foundation.framework */; };
		7A43B8D2187C46F500725428 /* CoreGraphics.framework in Frameworks */ = {isa = PBXBuildFile; fileRef = 7A43B8D1187C46F500725428 /* CoreGraphics.framework */; };
		7A43B8D8187C46F500725428 /* InfoPlist.strings in Resources */ = {isa = PBXBuildFile; fileRef = 7A43B8D6187C46F500725428 /* InfoPlist.strings */; };
		7A43B8DA187C46F500725428 /* main.m in Sources */ = {isa = PBXBuildFile; fileRef = 7A43B8D9187C46F500725428 /* main.m */; };
		7A43B8DE187C46F500725428 /* AppDelegate.m in Sources */ = {isa = PBXBuildFile; fileRef = 7A43B8DD187C46F500725428 /* AppDelegate.m */; };
		7A43B8E0187C46F500725428 /* Default.png in Resources */ = {isa = PBXBuildFile; fileRef = 7A43B8DF187C46F500725428 /* Default.png */; };
		7A43B8E2187C46F500725428 /* Default@2x.png in Resources */ = {isa = PBXBuildFile; fileRef = 7A43B8E1187C46F500725428 /* Default@2x.png */; };
		7A43B8E4187C46F500725428 /* Default-568h@2x.png in Resources */ = {isa = PBXBuildFile; fileRef = 7A43B8E3187C46F500725428 /* Default-568h@2x.png */; };
		7A43B8E7187C46F500725428 /* MainStoryboard_iPhone.storyboard in Resources */ = {isa = PBXBuildFile; fileRef = 7A43B8E5187C46F500725428 /* MainStoryboard_iPhone.storyboard */; };
		7A43B8EA187C46F500725428 /* MainStoryboard_iPad.storyboard in Resources */ = {isa = PBXBuildFile; fileRef = 7A43B8E8187C46F500725428 /* MainStoryboard_iPad.storyboard */; };
		7A43B8F4187C519600725428 /* MapKit.framework in Frameworks */ = {isa = PBXBuildFile; fileRef = 7A43B8F3187C519600725428 /* MapKit.framework */; };
		7A4FA9E5189160D000222870 /* DrinkOrFoodView.m in Sources */ = {isa = PBXBuildFile; fileRef = 7A4FA9E4189160D000222870 /* DrinkOrFoodView.m */; };
		7A4FA9E81891963900222870 /* AddNewClubTableView.m in Sources */ = {isa = PBXBuildFile; fileRef = 7A4FA9E71891963900222870 /* AddNewClubTableView.m */; };
		7AC9205A1890641B0061E61A /* Communication.m in Sources */ = {isa = PBXBuildFile; fileRef = 7AC920591890641B0061E61A /* Communication.m */; };
		7AC9ECAD188015B800DBEEDB /* NotificationsView.m in Sources */ = {isa = PBXBuildFile; fileRef = 7AC9ECAC188015B800DBEEDB /* NotificationsView.m */; };
		7AC9ECB618801D0100DBEEDB /* LoginView.m in Sources */ = {isa = PBXBuildFile; fileRef = 7AC9ECB518801D0100DBEEDB /* LoginView.m */; };
		7AC9ECC01880202000DBEEDB /* MenuClubListView.m in Sources */ = {isa = PBXBuildFile; fileRef = 7AC9ECBF1880202000DBEEDB /* MenuClubListView.m */; };
		7AC9ECC618802C0100DBEEDB /* MenuMapView.m in Sources */ = {isa = PBXBuildFile; fileRef = 7AC9ECC518802C0100DBEEDB /* MenuMapView.m */; };
		7ACCC65818931873006B0A0C /* AdminTableView.m in Sources */ = {isa = PBXBuildFile; fileRef = 7ACCC65718931872006B0A0C /* AdminTableView.m */; };
		7ACCC65B18931AA2006B0A0C /* ViewController.m in Sources */ = {isa = PBXBuildFile; fileRef = 7ACCC65A18931AA2006B0A0C /* ViewController.m */; };
		7AD05424188959070058B94E /* EditProfileView.m in Sources */ = {isa = PBXBuildFile; fileRef = 7AD05423188959070058B94E /* EditProfileView.m */; };
		7AD054271889596C0058B94E /* ChangePasswordView.m in Sources */ = {isa = PBXBuildFile; fileRef = 7AD054261889596C0058B94E /* ChangePasswordView.m */; };
		7AD0542A18896F1B0058B94E /* PickerForSearchView.m in Sources */ = {isa = PBXBuildFile; fileRef = 7AD0542918896F1B0058B94E /* PickerForSearchView.m */; };
		7AD0542C1889734C0058B94E /* 2050-halloween-debrecen-halloween-napok-az-erdospuszta-club-hotelben.jpg in Resources */ = {isa = PBXBuildFile; fileRef = 7AD0542B1889734C0058B94E /* 2050-halloween-debrecen-halloween-napok-az-erdospuszta-club-hotelben.jpg */; };
		7AD0DB3A1891343A007DBB1E /* InfoAboutTheApplicationView.m in Sources */ = {isa = PBXBuildFile; fileRef = 7AD0DB391891343A007DBB1E /* InfoAboutTheApplicationView.m */; };
		7AD421EB188C510E0028A04B /* MessageUI.framework in Frameworks */ = {isa = PBXBuildFile; fileRef = 7AD421EA188C510E0028A04B /* MessageUI.framework */; };
		7AD4C8F3188FDEE1001E8D91 /* ProfileTableView.m in Sources */ = {isa = PBXBuildFile; fileRef = 7AD4C8F2188FDEE1001E8D91 /* ProfileTableView.m */; };
		7AD4C8F6189002FC001E8D91 /* ClubMapView.m in Sources */ = {isa = PBXBuildFile; fileRef = 7AD4C8F5189002FC001E8D91 /* ClubMapView.m */; };
		7AD6856C18841FCC00D52D4A /* MyDatabase.m in Sources */ = {isa = PBXBuildFile; fileRef = 7AD6856B18841FCC00D52D4A /* MyDatabase.m */; };
		7AD6856E1884203100D52D4A /* libsqlite3.0.dylib in Frameworks */ = {isa = PBXBuildFile; fileRef = 7AD6856D1884203100D52D4A /* libsqlite3.0.dylib */; };
		7AD6857218842C9500D52D4A /* User.m in Sources */ = {isa = PBXBuildFile; fileRef = 7AD6857118842C9500D52D4A /* User.m */; };
		7AD6857518842CB200D52D4A /* Club.m in Sources */ = {isa = PBXBuildFile; fileRef = 7AD6857418842CB100D52D4A /* Club.m */; };
		7AD6857818842CC300D52D4A /* Event.m in Sources */ = {isa = PBXBuildFile; fileRef = 7AD6857718842CC300D52D4A /* Event.m */; };
		7AD6857B18842CE800D52D4A /* MenuItem.m in Sources */ = {isa = PBXBuildFile; fileRef = 7AD6857A18842CE800D52D4A /* MenuItem.m */; };
		7AD6857E18842CF300D52D4A /* Rating.m in Sources */ = {isa = PBXBuildFile; fileRef = 7AD6857D18842CF300D52D4A /* Rating.m */; };
		7AD6858118842D7D00D52D4A /* Session.m in Sources */ = {isa = PBXBuildFile; fileRef = 7AD6858018842D7D00D52D4A /* Session.m */; };
		7AD6858318845A5A00D52D4A /* partyapp.db in Resources */ = {isa = PBXBuildFile; fileRef = 7AD6858218845A5900D52D4A /* partyapp.db */; };
		7AD72AF7189668C900BEE75E /* ic_action_next_item.png in Resources */ = {isa = PBXBuildFile; fileRef = 7AD72AF6189668C800BEE75E /* ic_action_next_item.png */; };
		7AD72AF9189668D100BEE75E /* ic_action_accept.png in Resources */ = {isa = PBXBuildFile; fileRef = 7AD72AF8189668D100BEE75E /* ic_action_accept.png */; };
		7AD72AFB1896707200BEE75E /* tab_bg.png in Resources */ = {isa = PBXBuildFile; fileRef = 7AD72AFA1896707200BEE75E /* tab_bg.png */; };
		7AD72AFD1896724900BEE75E /* bricskok_tab.png in Resources */ = {isa = PBXBuildFile; fileRef = 7AD72AFC1896724900BEE75E /* bricskok_tab.png */; };
		7AD72B0118967A3800BEE75E /* tab_bar_mukodj2.png in Resources */ = {isa = PBXBuildFile; fileRef = 7AD72B0018967A3800BEE75E /* tab_bar_mukodj2.png */; };
		7AD7E5391886ABA200656FCF /* MyAnnotation.m in Sources */ = {isa = PBXBuildFile; fileRef = 7AD7E5381886ABA200656FCF /* MyAnnotation.m */; };
		7AD8D0FC188E8E1800783AE5 /* PicturesCollectionView.m in Sources */ = {isa = PBXBuildFile; fileRef = 7AD8D0FB188E8E1800783AE5 /* PicturesCollectionView.m */; };
		7AD8D13C188ED8B300783AE5 /* PictureView.m in Sources */ = {isa = PBXBuildFile; fileRef = 7AD8D13B188ED8B300783AE5 /* PictureView.m */; };
		7AD8D146188EE27C00783AE5 /* Bar.jpg in Resources */ = {isa = PBXBuildFile; fileRef = 7AD8D145188EE27C00783AE5 /* Bar.jpg */; };
		7AD8D148188EE28400783AE5 /* Nightclub-theme.jpg in Resources */ = {isa = PBXBuildFile; fileRef = 7AD8D147188EE28400783AE5 /* Nightclub-theme.jpg */; };
		7AD9411518885EF100EC78C9 /* InformationView.m in Sources */ = {isa = PBXBuildFile; fileRef = 7AD9411418885EF100EC78C9 /* InformationView.m */; };
		7ADA3AD21897F8FE00CB34D5 /* PartyICONlila.png in Resources */ = {isa = PBXBuildFile; fileRef = 7ADA3AD11897F8FE00CB34D5 /* PartyICONlila.png */; };
		7ADB94B21896955F00C69CF8 /* TQStarRatingView.m in Sources */ = {isa = PBXBuildFile; fileRef = 7ADB94B11896955F00C69CF8 /* TQStarRatingView.m */; };
		7ADB94B41896972600C69CF8 /* backgroundStar.png in Resources */ = {isa = PBXBuildFile; fileRef = 7ADB94B31896972600C69CF8 /* backgroundStar.png */; };
		7ADB94B61896973000C69CF8 /* backgroundStar@2x.png in Resources */ = {isa = PBXBuildFile; fileRef = 7ADB94B51896973000C69CF8 /* backgroundStar@2x.png */; };
		7ADB94B81896973B00C69CF8 /* foregroundStar.png in Resources */ = {isa = PBXBuildFile; fileRef = 7ADB94B71896973B00C69CF8 /* foregroundStar.png */; };
		7ADB94BA1896974600C69CF8 /* foregroundStar@2x.png in Resources */ = {isa = PBXBuildFile; fileRef = 7ADB94B91896974600C69CF8 /* foregroundStar@2x.png */; };
		7ADB94BC1896BD0600C69CF8 /* ic_action_favorite.png in Resources */ = {isa = PBXBuildFile; fileRef = 7ADB94BB1896BD0600C69CF8 /* ic_action_favorite.png */; };
		7ADB94C21896C4B700C69CF8 /* MusicTypePickerView.m in Sources */ = {isa = PBXBuildFile; fileRef = 7ADB94C11896C4B700C69CF8 /* MusicTypePickerView.m */; };
		7ADB94C51896C9CC00C69CF8 /* AddNewEventView.m in Sources */ = {isa = PBXBuildFile; fileRef = 7ADB94C41896C9CC00C69CF8 /* AddNewEventView.m */; };
		7ADB94C81896CD7800C69CF8 /* EventEditView.m in Sources */ = {isa = PBXBuildFile; fileRef = 7ADB94C71896CD7800C69CF8 /* EventEditView.m */; };
		7ADB94CB1896D8EF00C69CF8 /* RatingDetailView.m in Sources */ = {isa = PBXBuildFile; fileRef = 7ADB94CA1896D8EE00C69CF8 /* RatingDetailView.m */; };
		7ADB94CE1896DD2A00C69CF8 /* MovingStars.m in Sources */ = {isa = PBXBuildFile; fileRef = 7ADB94CD1896DD2A00C69CF8 /* MovingStars.m */; };
		7ADB94D21896EFE100C69CF8 /* purple_trans50.png in Resources */ = {isa = PBXBuildFile; fileRef = 7ADB94D11896EFE100C69CF8 /* purple_trans50.png */; };
		7ADBD2EE18952E90008A2261 /* website-background-1024x576.jpg in Resources */ = {isa = PBXBuildFile; fileRef = 7ADBD2ED18952E90008A2261 /* website-background-1024x576.jpg */; };
		7ADBD2FA1895631D008A2261 /* bricskok.png in Resources */ = {isa = PBXBuildFile; fileRef = 7ADBD2F91895631D008A2261 /* bricskok.png */; };
		7ADBD2FF18957FE2008A2261 /* NotificationDetailView.m in Sources */ = {isa = PBXBuildFile; fileRef = 7ADBD2FE18957FE2008A2261 /* NotificationDetailView.m */; };
		7ADBD30518959A81008A2261 /* EventsTableView.m in Sources */ = {isa = PBXBuildFile; fileRef = 7ADBD30418959A81008A2261 /* EventsTableView.m */; };
		7ADBD30718959F07008A2261 /* ic_action_user.png in Resources */ = {isa = PBXBuildFile; fileRef = 7ADBD30618959F07008A2261 /* ic_action_user.png */; };
		7ADBD30A18959F56008A2261 /* EventDetailView.m in Sources */ = {isa = PBXBuildFile; fileRef = 7ADBD30918959F55008A2261 /* EventDetailView.m */; };
		7ADBD30C1895B3F4008A2261 /* ic_action_send.png in Resources */ = {isa = PBXBuildFile; fileRef = 7ADBD30B1895B3F4008A2261 /* ic_action_send.png */; };
		7AE0D99718854FE50089CE3D /* RegisterView.m in Sources */ = {isa = PBXBuildFile; fileRef = 7AE0D99618854FE50089CE3D /* RegisterView.m */; };
		7AE0D99918857CC40089CE3D /* CoreLocation.framework in Frameworks */ = {isa = PBXBuildFile; fileRef = 7AE0D99818857CC40089CE3D /* CoreLocation.framework */; };
		7AF627CC18914F8800A57FA0 /* RatingTableViewViewController.m in Sources */ = {isa = PBXBuildFile; fileRef = 7AF627CB18914F8800A57FA0 /* RatingTableViewViewController.m */; };
		7AFFF40618859CEC000B06FD /* SillyCommunication.m in Sources */ = {isa = PBXBuildFile; fileRef = 7AFFF40518859CEC000B06FD /* SillyCommunication.m */; };
/* End PBXBuildFile section */

/* Begin PBXFileReference section */
		7A04F57518901CA9009FAA3B /* SearchTableView.h */ = {isa = PBXFileReference; fileEncoding = 4; lastKnownFileType = sourcecode.c.h; path = SearchTableView.h; sourceTree = "<group>"; };
		7A04F57618901CA9009FAA3B /* SearchTableView.m */ = {isa = PBXFileReference; fileEncoding = 4; lastKnownFileType = sourcecode.c.objc; path = SearchTableView.m; sourceTree = "<group>"; };
		7A04F57818904B94009FAA3B /* FoodsAndDrinksTableView.h */ = {isa = PBXFileReference; fileEncoding = 4; lastKnownFileType = sourcecode.c.h; path = FoodsAndDrinksTableView.h; sourceTree = "<group>"; };
		7A04F57918904B94009FAA3B /* FoodsAndDrinksTableView.m */ = {isa = PBXFileReference; fileEncoding = 4; lastKnownFileType = sourcecode.c.objc; path = FoodsAndDrinksTableView.m; sourceTree = "<group>"; };
		7A157ED61893D86F0092BBBB /* ic_action_search.png */ = {isa = PBXFileReference; lastKnownFileType = image.png; path = ic_action_search.png; sourceTree = "<group>"; };
		7A157ED81893DF930092BBBB /* ic_action_map.png */ = {isa = PBXFileReference; lastKnownFileType = image.png; path = ic_action_map.png; sourceTree = "<group>"; };
		7A157EDA1893DFA10092BBBB /* ic_action_view_as_list.png */ = {isa = PBXFileReference; lastKnownFileType = image.png; path = ic_action_view_as_list.png; sourceTree = "<group>"; };
		7A157EDC1893E84F0092BBBB /* ic_action_camera.png */ = {isa = PBXFileReference; lastKnownFileType = image.png; path = ic_action_camera.png; sourceTree = "<group>"; };
		7A157EDE1893E8660092BBBB /* ic_action_about.png */ = {isa = PBXFileReference; lastKnownFileType = image.png; path = ic_action_about.png; sourceTree = "<group>"; };
		7A157EE01893F1140092BBBB /* tab_select_indicator_white.png */ = {isa = PBXFileReference; lastKnownFileType = image.png; path = tab_select_indicator_white.png; sourceTree = "<group>"; };
		7A157EE2189418F70092BBBB /* lila.png */ = {isa = PBXFileReference; lastKnownFileType = image.png; path = lila.png; sourceTree = "<group>"; };
		7A157EE418941D400092BBBB /* navigation.png */ = {isa = PBXFileReference; lastKnownFileType = image.png; path = navigation.png; sourceTree = "<group>"; };
		7A157EE818942BD60092BBBB /* background.png */ = {isa = PBXFileReference; lastKnownFileType = image.png; path = background.png; sourceTree = "<group>"; };
		7A1A412918804B0F0052D859 /* NewTypePickerView.h */ = {isa = PBXFileReference; fileEncoding = 4; lastKnownFileType = sourcecode.c.h; path = NewTypePickerView.h; sourceTree = "<group>"; };
		7A1A412A18804B0F0052D859 /* NewTypePickerView.m */ = {isa = PBXFileReference; fileEncoding = 4; lastKnownFileType = sourcecode.c.objc; path = NewTypePickerView.m; sourceTree = "<group>"; };
		7A43B8CA187C46F500725428 /* bcsapat.app */ = {isa = PBXFileReference; explicitFileType = wrapper.application; includeInIndex = 0; path = bcsapat.app; sourceTree = BUILT_PRODUCTS_DIR; };
		7A43B8CD187C46F500725428 /* UIKit.framework */ = {isa = PBXFileReference; lastKnownFileType = wrapper.framework; name = UIKit.framework; path = System/Library/Frameworks/UIKit.framework; sourceTree = SDKROOT; };
		7A43B8CF187C46F500725428 /* Foundation.framework */ = {isa = PBXFileReference; lastKnownFileType = wrapper.framework; name = Foundation.framework; path = System/Library/Frameworks/Foundation.framework; sourceTree = SDKROOT; };
		7A43B8D1187C46F500725428 /* CoreGraphics.framework */ = {isa = PBXFileReference; lastKnownFileType = wrapper.framework; name = CoreGraphics.framework; path = System/Library/Frameworks/CoreGraphics.framework; sourceTree = SDKROOT; };
		7A43B8D5187C46F500725428 /* bcsapat-Info.plist */ = {isa = PBXFileReference; lastKnownFileType = text.plist.xml; path = "bcsapat-Info.plist"; sourceTree = "<group>"; };
		7A43B8D7187C46F500725428 /* en */ = {isa = PBXFileReference; lastKnownFileType = text.plist.strings; name = en; path = en.lproj/InfoPlist.strings; sourceTree = "<group>"; };
		7A43B8D9187C46F500725428 /* main.m */ = {isa = PBXFileReference; lastKnownFileType = sourcecode.c.objc; path = main.m; sourceTree = "<group>"; };
		7A43B8DB187C46F500725428 /* bcsapat-Prefix.pch */ = {isa = PBXFileReference; lastKnownFileType = sourcecode.c.h; path = "bcsapat-Prefix.pch"; sourceTree = "<group>"; };
		7A43B8DC187C46F500725428 /* AppDelegate.h */ = {isa = PBXFileReference; lastKnownFileType = sourcecode.c.h; path = AppDelegate.h; sourceTree = "<group>"; };
		7A43B8DD187C46F500725428 /* AppDelegate.m */ = {isa = PBXFileReference; lastKnownFileType = sourcecode.c.objc; path = AppDelegate.m; sourceTree = "<group>"; };
		7A43B8DF187C46F500725428 /* Default.png */ = {isa = PBXFileReference; lastKnownFileType = image.png; path = Default.png; sourceTree = "<group>"; };
		7A43B8E1187C46F500725428 /* Default@2x.png */ = {isa = PBXFileReference; lastKnownFileType = image.png; path = "Default@2x.png"; sourceTree = "<group>"; };
		7A43B8E3187C46F500725428 /* Default-568h@2x.png */ = {isa = PBXFileReference; lastKnownFileType = image.png; path = "Default-568h@2x.png"; sourceTree = "<group>"; };
		7A43B8E6187C46F500725428 /* en */ = {isa = PBXFileReference; lastKnownFileType = file.storyboard; name = en; path = en.lproj/MainStoryboard_iPhone.storyboard; sourceTree = "<group>"; };
		7A43B8E9187C46F500725428 /* en */ = {isa = PBXFileReference; lastKnownFileType = file.storyboard; name = en; path = en.lproj/MainStoryboard_iPad.storyboard; sourceTree = "<group>"; };
		7A43B8F3187C519600725428 /* MapKit.framework */ = {isa = PBXFileReference; lastKnownFileType = wrapper.framework; name = MapKit.framework; path = System/Library/Frameworks/MapKit.framework; sourceTree = SDKROOT; };
		7A4FA9E3189160D000222870 /* DrinkOrFoodView.h */ = {isa = PBXFileReference; fileEncoding = 4; lastKnownFileType = sourcecode.c.h; path = DrinkOrFoodView.h; sourceTree = "<group>"; };
		7A4FA9E4189160D000222870 /* DrinkOrFoodView.m */ = {isa = PBXFileReference; fileEncoding = 4; lastKnownFileType = sourcecode.c.objc; path = DrinkOrFoodView.m; sourceTree = "<group>"; };
		7A4FA9E61891963900222870 /* AddNewClubTableView.h */ = {isa = PBXFileReference; fileEncoding = 4; lastKnownFileType = sourcecode.c.h; path = AddNewClubTableView.h; sourceTree = "<group>"; };
		7A4FA9E71891963900222870 /* AddNewClubTableView.m */ = {isa = PBXFileReference; fileEncoding = 4; lastKnownFileType = sourcecode.c.objc; path = AddNewClubTableView.m; sourceTree = "<group>"; };
		7AC920581890641B0061E61A /* Communication.h */ = {isa = PBXFileReference; fileEncoding = 4; lastKnownFileType = sourcecode.c.h; path = Communication.h; sourceTree = "<group>"; };
		7AC920591890641B0061E61A /* Communication.m */ = {isa = PBXFileReference; fileEncoding = 4; lastKnownFileType = sourcecode.c.objc; path = Communication.m; sourceTree = "<group>"; };
		7AC9ECAB188015B800DBEEDB /* NotificationsView.h */ = {isa = PBXFileReference; fileEncoding = 4; lastKnownFileType = sourcecode.c.h; path = NotificationsView.h; sourceTree = "<group>"; };
		7AC9ECAC188015B800DBEEDB /* NotificationsView.m */ = {isa = PBXFileReference; fileEncoding = 4; lastKnownFileType = sourcecode.c.objc; path = NotificationsView.m; sourceTree = "<group>"; };
		7AC9ECB418801D0100DBEEDB /* LoginView.h */ = {isa = PBXFileReference; fileEncoding = 4; lastKnownFileType = sourcecode.c.h; path = LoginView.h; sourceTree = "<group>"; };
		7AC9ECB518801D0100DBEEDB /* LoginView.m */ = {isa = PBXFileReference; fileEncoding = 4; lastKnownFileType = sourcecode.c.objc; path = LoginView.m; sourceTree = "<group>"; };
		7AC9ECBE1880202000DBEEDB /* MenuClubListView.h */ = {isa = PBXFileReference; fileEncoding = 4; lastKnownFileType = sourcecode.c.h; path = MenuClubListView.h; sourceTree = "<group>"; };
		7AC9ECBF1880202000DBEEDB /* MenuClubListView.m */ = {isa = PBXFileReference; fileEncoding = 4; lastKnownFileType = sourcecode.c.objc; path = MenuClubListView.m; sourceTree = "<group>"; };
		7AC9ECC418802C0100DBEEDB /* MenuMapView.h */ = {isa = PBXFileReference; fileEncoding = 4; lastKnownFileType = sourcecode.c.h; path = MenuMapView.h; sourceTree = "<group>"; };
		7AC9ECC518802C0100DBEEDB /* MenuMapView.m */ = {isa = PBXFileReference; fileEncoding = 4; lastKnownFileType = sourcecode.c.objc; path = MenuMapView.m; sourceTree = "<group>"; };
		7ACCC65618931872006B0A0C /* AdminTableView.h */ = {isa = PBXFileReference; fileEncoding = 4; lastKnownFileType = sourcecode.c.h; path = AdminTableView.h; sourceTree = "<group>"; };
		7ACCC65718931872006B0A0C /* AdminTableView.m */ = {isa = PBXFileReference; fileEncoding = 4; lastKnownFileType = sourcecode.c.objc; path = AdminTableView.m; sourceTree = "<group>"; };
		7ACCC65918931AA2006B0A0C /* ViewController.h */ = {isa = PBXFileReference; fileEncoding = 4; lastKnownFileType = sourcecode.c.h; path = ViewController.h; sourceTree = "<group>"; };
		7ACCC65A18931AA2006B0A0C /* ViewController.m */ = {isa = PBXFileReference; fileEncoding = 4; lastKnownFileType = sourcecode.c.objc; path = ViewController.m; sourceTree = "<group>"; };
		7AD05422188959070058B94E /* EditProfileView.h */ = {isa = PBXFileReference; fileEncoding = 4; lastKnownFileType = sourcecode.c.h; path = EditProfileView.h; sourceTree = "<group>"; };
		7AD05423188959070058B94E /* EditProfileView.m */ = {isa = PBXFileReference; fileEncoding = 4; lastKnownFileType = sourcecode.c.objc; path = EditProfileView.m; sourceTree = "<group>"; };
		7AD054251889596C0058B94E /* ChangePasswordView.h */ = {isa = PBXFileReference; fileEncoding = 4; lastKnownFileType = sourcecode.c.h; path = ChangePasswordView.h; sourceTree = "<group>"; };
		7AD054261889596C0058B94E /* ChangePasswordView.m */ = {isa = PBXFileReference; fileEncoding = 4; lastKnownFileType = sourcecode.c.objc; path = ChangePasswordView.m; sourceTree = "<group>"; };
		7AD0542818896F1B0058B94E /* PickerForSearchView.h */ = {isa = PBXFileReference; fileEncoding = 4; lastKnownFileType = sourcecode.c.h; path = PickerForSearchView.h; sourceTree = "<group>"; };
		7AD0542918896F1B0058B94E /* PickerForSearchView.m */ = {isa = PBXFileReference; fileEncoding = 4; lastKnownFileType = sourcecode.c.objc; path = PickerForSearchView.m; sourceTree = "<group>"; };
		7AD0542B1889734C0058B94E /* 2050-halloween-debrecen-halloween-napok-az-erdospuszta-club-hotelben.jpg */ = {isa = PBXFileReference; lastKnownFileType = image.jpeg; path = "2050-halloween-debrecen-halloween-napok-az-erdospuszta-club-hotelben.jpg"; sourceTree = "<group>"; };
		7AD0DB381891343A007DBB1E /* InfoAboutTheApplicationView.h */ = {isa = PBXFileReference; fileEncoding = 4; lastKnownFileType = sourcecode.c.h; path = InfoAboutTheApplicationView.h; sourceTree = "<group>"; };
		7AD0DB391891343A007DBB1E /* InfoAboutTheApplicationView.m */ = {isa = PBXFileReference; fileEncoding = 4; lastKnownFileType = sourcecode.c.objc; path = InfoAboutTheApplicationView.m; sourceTree = "<group>"; };
		7AD421EA188C510E0028A04B /* MessageUI.framework */ = {isa = PBXFileReference; lastKnownFileType = wrapper.framework; name = MessageUI.framework; path = System/Library/Frameworks/MessageUI.framework; sourceTree = SDKROOT; };
		7AD4C8F1188FDEE1001E8D91 /* ProfileTableView.h */ = {isa = PBXFileReference; fileEncoding = 4; lastKnownFileType = sourcecode.c.h; path = ProfileTableView.h; sourceTree = "<group>"; };
		7AD4C8F2188FDEE1001E8D91 /* ProfileTableView.m */ = {isa = PBXFileReference; fileEncoding = 4; lastKnownFileType = sourcecode.c.objc; path = ProfileTableView.m; sourceTree = "<group>"; };
		7AD4C8F4189002FC001E8D91 /* ClubMapView.h */ = {isa = PBXFileReference; fileEncoding = 4; lastKnownFileType = sourcecode.c.h; path = ClubMapView.h; sourceTree = "<group>"; };
		7AD4C8F5189002FC001E8D91 /* ClubMapView.m */ = {isa = PBXFileReference; fileEncoding = 4; lastKnownFileType = sourcecode.c.objc; path = ClubMapView.m; sourceTree = "<group>"; };
		7AD6856A18841FCC00D52D4A /* MyDatabase.h */ = {isa = PBXFileReference; fileEncoding = 4; lastKnownFileType = sourcecode.c.h; path = MyDatabase.h; sourceTree = "<group>"; };
		7AD6856B18841FCC00D52D4A /* MyDatabase.m */ = {isa = PBXFileReference; fileEncoding = 4; lastKnownFileType = sourcecode.c.objc; path = MyDatabase.m; sourceTree = "<group>"; };
		7AD6856D1884203100D52D4A /* libsqlite3.0.dylib */ = {isa = PBXFileReference; lastKnownFileType = "compiled.mach-o.dylib"; name = libsqlite3.0.dylib; path = usr/lib/libsqlite3.0.dylib; sourceTree = SDKROOT; };
		7AD6857018842C9500D52D4A /* User.h */ = {isa = PBXFileReference; fileEncoding = 4; lastKnownFileType = sourcecode.c.h; path = User.h; sourceTree = "<group>"; };
		7AD6857118842C9500D52D4A /* User.m */ = {isa = PBXFileReference; fileEncoding = 4; lastKnownFileType = sourcecode.c.objc; path = User.m; sourceTree = "<group>"; };
		7AD6857318842CB100D52D4A /* Club.h */ = {isa = PBXFileReference; fileEncoding = 4; lastKnownFileType = sourcecode.c.h; path = Club.h; sourceTree = "<group>"; };
		7AD6857418842CB100D52D4A /* Club.m */ = {isa = PBXFileReference; fileEncoding = 4; lastKnownFileType = sourcecode.c.objc; path = Club.m; sourceTree = "<group>"; };
		7AD6857618842CC300D52D4A /* Event.h */ = {isa = PBXFileReference; fileEncoding = 4; lastKnownFileType = sourcecode.c.h; path = Event.h; sourceTree = "<group>"; };
		7AD6857718842CC300D52D4A /* Event.m */ = {isa = PBXFileReference; fileEncoding = 4; lastKnownFileType = sourcecode.c.objc; path = Event.m; sourceTree = "<group>"; };
		7AD6857918842CE700D52D4A /* MenuItem.h */ = {isa = PBXFileReference; fileEncoding = 4; lastKnownFileType = sourcecode.c.h; path = MenuItem.h; sourceTree = "<group>"; };
		7AD6857A18842CE800D52D4A /* MenuItem.m */ = {isa = PBXFileReference; fileEncoding = 4; lastKnownFileType = sourcecode.c.objc; path = MenuItem.m; sourceTree = "<group>"; };
		7AD6857C18842CF300D52D4A /* Rating.h */ = {isa = PBXFileReference; fileEncoding = 4; lastKnownFileType = sourcecode.c.h; path = Rating.h; sourceTree = "<group>"; };
		7AD6857D18842CF300D52D4A /* Rating.m */ = {isa = PBXFileReference; fileEncoding = 4; lastKnownFileType = sourcecode.c.objc; path = Rating.m; sourceTree = "<group>"; };
		7AD6857F18842D7D00D52D4A /* Session.h */ = {isa = PBXFileReference; fileEncoding = 4; lastKnownFileType = sourcecode.c.h; path = Session.h; sourceTree = "<group>"; };
		7AD6858018842D7D00D52D4A /* Session.m */ = {isa = PBXFileReference; fileEncoding = 4; lastKnownFileType = sourcecode.c.objc; path = Session.m; sourceTree = "<group>"; };
		7AD6858218845A5900D52D4A /* partyapp.db */ = {isa = PBXFileReference; lastKnownFileType = file; path = partyapp.db; sourceTree = "<group>"; };
		7AD72AF6189668C800BEE75E /* ic_action_next_item.png */ = {isa = PBXFileReference; lastKnownFileType = image.png; path = ic_action_next_item.png; sourceTree = "<group>"; };
		7AD72AF8189668D100BEE75E /* ic_action_accept.png */ = {isa = PBXFileReference; lastKnownFileType = image.png; path = ic_action_accept.png; sourceTree = "<group>"; };
		7AD72AFA1896707200BEE75E /* tab_bg.png */ = {isa = PBXFileReference; lastKnownFileType = image.png; path = tab_bg.png; sourceTree = "<group>"; };
		7AD72AFC1896724900BEE75E /* bricskok_tab.png */ = {isa = PBXFileReference; lastKnownFileType = image.png; path = bricskok_tab.png; sourceTree = "<group>"; };
		7AD72B0018967A3800BEE75E /* tab_bar_mukodj2.png */ = {isa = PBXFileReference; lastKnownFileType = image.png; path = tab_bar_mukodj2.png; sourceTree = "<group>"; };
		7AD7E5371886ABA200656FCF /* MyAnnotation.h */ = {isa = PBXFileReference; fileEncoding = 4; lastKnownFileType = sourcecode.c.h; path = MyAnnotation.h; sourceTree = "<group>"; };
		7AD7E5381886ABA200656FCF /* MyAnnotation.m */ = {isa = PBXFileReference; fileEncoding = 4; lastKnownFileType = sourcecode.c.objc; path = MyAnnotation.m; sourceTree = "<group>"; };
		7AD8D0FA188E8E1800783AE5 /* PicturesCollectionView.h */ = {isa = PBXFileReference; fileEncoding = 4; lastKnownFileType = sourcecode.c.h; path = PicturesCollectionView.h; sourceTree = "<group>"; };
		7AD8D0FB188E8E1800783AE5 /* PicturesCollectionView.m */ = {isa = PBXFileReference; fileEncoding = 4; lastKnownFileType = sourcecode.c.objc; path = PicturesCollectionView.m; sourceTree = "<group>"; };
		7AD8D13A188ED8B300783AE5 /* PictureView.h */ = {isa = PBXFileReference; fileEncoding = 4; lastKnownFileType = sourcecode.c.h; path = PictureView.h; sourceTree = "<group>"; };
		7AD8D13B188ED8B300783AE5 /* PictureView.m */ = {isa = PBXFileReference; fileEncoding = 4; lastKnownFileType = sourcecode.c.objc; path = PictureView.m; sourceTree = "<group>"; };
		7AD8D145188EE27C00783AE5 /* Bar.jpg */ = {isa = PBXFileReference; lastKnownFileType = image.jpeg; path = Bar.jpg; sourceTree = "<group>"; };
		7AD8D147188EE28400783AE5 /* Nightclub-theme.jpg */ = {isa = PBXFileReference; lastKnownFileType = image.jpeg; path = "Nightclub-theme.jpg"; sourceTree = "<group>"; };
		7AD9411318885EF100EC78C9 /* InformationView.h */ = {isa = PBXFileReference; fileEncoding = 4; lastKnownFileType = sourcecode.c.h; path = InformationView.h; sourceTree = "<group>"; };
		7AD9411418885EF100EC78C9 /* InformationView.m */ = {isa = PBXFileReference; fileEncoding = 4; lastKnownFileType = sourcecode.c.objc; path = InformationView.m; sourceTree = "<group>"; };
		7ADA3ACF1897F88700CB34D5 /* tab_bar_mukodj21.png */ = {isa = PBXFileReference; lastKnownFileType = image.png; name = tab_bar_mukodj21.png; path = ../../../Downloads/tab_bar_mukodj21.png; sourceTree = "<group>"; };
		7ADA3AD11897F8FE00CB34D5 /* PartyICONlila.png */ = {isa = PBXFileReference; lastKnownFileType = image.png; path = PartyICONlila.png; sourceTree = "<group>"; };
		7ADB94B01896955F00C69CF8 /* TQStarRatingView.h */ = {isa = PBXFileReference; fileEncoding = 4; lastKnownFileType = sourcecode.c.h; path = TQStarRatingView.h; sourceTree = "<group>"; };
		7ADB94B11896955F00C69CF8 /* TQStarRatingView.m */ = {isa = PBXFileReference; fileEncoding = 4; lastKnownFileType = sourcecode.c.objc; path = TQStarRatingView.m; sourceTree = "<group>"; };
		7ADB94B31896972600C69CF8 /* backgroundStar.png */ = {isa = PBXFileReference; lastKnownFileType = image.png; path = backgroundStar.png; sourceTree = "<group>"; };
		7ADB94B51896973000C69CF8 /* backgroundStar@2x.png */ = {isa = PBXFileReference; lastKnownFileType = image.png; path = "backgroundStar@2x.png"; sourceTree = "<group>"; };
		7ADB94B71896973B00C69CF8 /* foregroundStar.png */ = {isa = PBXFileReference; lastKnownFileType = image.png; path = foregroundStar.png; sourceTree = "<group>"; };
		7ADB94B91896974600C69CF8 /* foregroundStar@2x.png */ = {isa = PBXFileReference; lastKnownFileType = image.png; path = "foregroundStar@2x.png"; sourceTree = "<group>"; };
		7ADB94BB1896BD0600C69CF8 /* ic_action_favorite.png */ = {isa = PBXFileReference; lastKnownFileType = image.png; path = ic_action_favorite.png; sourceTree = "<group>"; };
		7ADB94C01896C4B600C69CF8 /* MusicTypePickerView.h */ = {isa = PBXFileReference; fileEncoding = 4; lastKnownFileType = sourcecode.c.h; path = MusicTypePickerView.h; sourceTree = "<group>"; };
		7ADB94C11896C4B700C69CF8 /* MusicTypePickerView.m */ = {isa = PBXFileReference; fileEncoding = 4; lastKnownFileType = sourcecode.c.objc; path = MusicTypePickerView.m; sourceTree = "<group>"; };
		7ADB94C31896C9CC00C69CF8 /* AddNewEventView.h */ = {isa = PBXFileReference; fileEncoding = 4; lastKnownFileType = sourcecode.c.h; path = AddNewEventView.h; sourceTree = "<group>"; };
		7ADB94C41896C9CC00C69CF8 /* AddNewEventView.m */ = {isa = PBXFileReference; fileEncoding = 4; lastKnownFileType = sourcecode.c.objc; path = AddNewEventView.m; sourceTree = "<group>"; };
		7ADB94C61896CD7700C69CF8 /* EventEditView.h */ = {isa = PBXFileReference; fileEncoding = 4; lastKnownFileType = sourcecode.c.h; path = EventEditView.h; sourceTree = "<group>"; };
		7ADB94C71896CD7800C69CF8 /* EventEditView.m */ = {isa = PBXFileReference; fileEncoding = 4; lastKnownFileType = sourcecode.c.objc; path = EventEditView.m; sourceTree = "<group>"; };
		7ADB94C91896D8EE00C69CF8 /* RatingDetailView.h */ = {isa = PBXFileReference; fileEncoding = 4; lastKnownFileType = sourcecode.c.h; path = RatingDetailView.h; sourceTree = "<group>"; };
		7ADB94CA1896D8EE00C69CF8 /* RatingDetailView.m */ = {isa = PBXFileReference; fileEncoding = 4; lastKnownFileType = sourcecode.c.objc; path = RatingDetailView.m; sourceTree = "<group>"; };
		7ADB94CC1896DD2A00C69CF8 /* MovingStars.h */ = {isa = PBXFileReference; fileEncoding = 4; lastKnownFileType = sourcecode.c.h; path = MovingStars.h; sourceTree = "<group>"; };
		7ADB94CD1896DD2A00C69CF8 /* MovingStars.m */ = {isa = PBXFileReference; fileEncoding = 4; lastKnownFileType = sourcecode.c.objc; path = MovingStars.m; sourceTree = "<group>"; };
		7ADB94D11896EFE100C69CF8 /* purple_trans50.png */ = {isa = PBXFileReference; lastKnownFileType = image.png; path = purple_trans50.png; sourceTree = "<group>"; };
		7ADBD2ED18952E90008A2261 /* website-background-1024x576.jpg */ = {isa = PBXFileReference; lastKnownFileType = image.jpeg; path = "website-background-1024x576.jpg"; sourceTree = "<group>"; };
		7ADBD2F91895631D008A2261 /* bricskok.png */ = {isa = PBXFileReference; lastKnownFileType = image.png; path = bricskok.png; sourceTree = "<group>"; };
		7ADBD2FD18957FE2008A2261 /* NotificationDetailView.h */ = {isa = PBXFileReference; fileEncoding = 4; lastKnownFileType = sourcecode.c.h; path = NotificationDetailView.h; sourceTree = "<group>"; };
		7ADBD2FE18957FE2008A2261 /* NotificationDetailView.m */ = {isa = PBXFileReference; fileEncoding = 4; lastKnownFileType = sourcecode.c.objc; path = NotificationDetailView.m; sourceTree = "<group>"; };
		7ADBD30318959A81008A2261 /* EventsTableView.h */ = {isa = PBXFileReference; fileEncoding = 4; lastKnownFileType = sourcecode.c.h; path = EventsTableView.h; sourceTree = "<group>"; };
		7ADBD30418959A81008A2261 /* EventsTableView.m */ = {isa = PBXFileReference; fileEncoding = 4; lastKnownFileType = sourcecode.c.objc; path = EventsTableView.m; sourceTree = "<group>"; };
		7ADBD30618959F07008A2261 /* ic_action_user.png */ = {isa = PBXFileReference; lastKnownFileType = image.png; path = ic_action_user.png; sourceTree = "<group>"; };
		7ADBD30818959F55008A2261 /* EventDetailView.h */ = {isa = PBXFileReference; fileEncoding = 4; lastKnownFileType = sourcecode.c.h; path = EventDetailView.h; sourceTree = "<group>"; };
		7ADBD30918959F55008A2261 /* EventDetailView.m */ = {isa = PBXFileReference; fileEncoding = 4; lastKnownFileType = sourcecode.c.objc; path = EventDetailView.m; sourceTree = "<group>"; };
		7ADBD30B1895B3F4008A2261 /* ic_action_send.png */ = {isa = PBXFileReference; lastKnownFileType = image.png; path = ic_action_send.png; sourceTree = "<group>"; };
		7AE0D99518854FE50089CE3D /* RegisterView.h */ = {isa = PBXFileReference; fileEncoding = 4; lastKnownFileType = sourcecode.c.h; path = RegisterView.h; sourceTree = "<group>"; };
		7AE0D99618854FE50089CE3D /* RegisterView.m */ = {isa = PBXFileReference; fileEncoding = 4; lastKnownFileType = sourcecode.c.objc; path = RegisterView.m; sourceTree = "<group>"; };
		7AE0D99818857CC40089CE3D /* CoreLocation.framework */ = {isa = PBXFileReference; lastKnownFileType = wrapper.framework; name = CoreLocation.framework; path = System/Library/Frameworks/CoreLocation.framework; sourceTree = SDKROOT; };
		7AF627CA18914F8800A57FA0 /* RatingTableViewViewController.h */ = {isa = PBXFileReference; fileEncoding = 4; lastKnownFileType = sourcecode.c.h; path = RatingTableViewViewController.h; sourceTree = "<group>"; };
		7AF627CB18914F8800A57FA0 /* RatingTableViewViewController.m */ = {isa = PBXFileReference; fileEncoding = 4; lastKnownFileType = sourcecode.c.objc; path = RatingTableViewViewController.m; sourceTree = "<group>"; };
		7AFFF40318859CB0000B06FD /* CommunicationProtocol.h */ = {isa = PBXFileReference; lastKnownFileType = sourcecode.c.h; path = CommunicationProtocol.h; sourceTree = "<group>"; };
		7AFFF40418859CEC000B06FD /* SillyCommunication.h */ = {isa = PBXFileReference; fileEncoding = 4; lastKnownFileType = sourcecode.c.h; path = SillyCommunication.h; sourceTree = "<group>"; };
		7AFFF40518859CEC000B06FD /* SillyCommunication.m */ = {isa = PBXFileReference; fileEncoding = 4; lastKnownFileType = sourcecode.c.objc; path = SillyCommunication.m; sourceTree = "<group>"; };
/* End PBXFileReference section */

/* Begin PBXFrameworksBuildPhase section */
		7A43B8C7187C46F500725428 /* Frameworks */ = {
			isa = PBXFrameworksBuildPhase;
			buildActionMask = 2147483647;
			files = (
				7AD421EB188C510E0028A04B /* MessageUI.framework in Frameworks */,
				7AE0D99918857CC40089CE3D /* CoreLocation.framework in Frameworks */,
				7AD6856E1884203100D52D4A /* libsqlite3.0.dylib in Frameworks */,
				7A43B8F4187C519600725428 /* MapKit.framework in Frameworks */,
				7A43B8CE187C46F500725428 /* UIKit.framework in Frameworks */,
				7A43B8D0187C46F500725428 /* Foundation.framework in Frameworks */,
				7A43B8D2187C46F500725428 /* CoreGraphics.framework in Frameworks */,
			);
			runOnlyForDeploymentPostprocessing = 0;
		};
/* End PBXFrameworksBuildPhase section */

/* Begin PBXGroup section */
		7A43B8C1187C46F500725428 = {
			isa = PBXGroup;
			children = (
				7ADA3AD11897F8FE00CB34D5 /* PartyICONlila.png */,
				7A43B8D3187C46F500725428 /* bcsapat */,
				7A43B8CC187C46F500725428 /* Frameworks */,
				7A43B8CB187C46F500725428 /* Products */,
			);
			sourceTree = "<group>";
		};
		7A43B8CB187C46F500725428 /* Products */ = {
			isa = PBXGroup;
			children = (
				7A43B8CA187C46F500725428 /* bcsapat.app */,
			);
			name = Products;
			sourceTree = "<group>";
		};
		7A43B8CC187C46F500725428 /* Frameworks */ = {
			isa = PBXGroup;
			children = (
				7AD421EA188C510E0028A04B /* MessageUI.framework */,
				7AE0D99818857CC40089CE3D /* CoreLocation.framework */,
				7AD6856D1884203100D52D4A /* libsqlite3.0.dylib */,
				7A43B8F3187C519600725428 /* MapKit.framework */,
				7A43B8CD187C46F500725428 /* UIKit.framework */,
				7A43B8CF187C46F500725428 /* Foundation.framework */,
				7A43B8D1187C46F500725428 /* CoreGraphics.framework */,
			);
			name = Frameworks;
			sourceTree = "<group>";
		};
		7A43B8D3187C46F500725428 /* bcsapat */ = {
			isa = PBXGroup;
			children = (
				7ADB94AF1896953600C69CF8 /* Rating Stars */,
				7ACCC6551893176E006B0A0C /* Annotation for the map */,
				7ACCC65418931720006B0A0C /* Pictures */,
				7AD9411218885EA600EC78C9 /* BarsAndPubsAndRestaurants */,
				7AD6856918841F6500D52D4A /* Database */,
				7AC9ECBA18801EB600DBEEDB /* ReachFromActionSheet */,
				7AC9ECB918801E8D00DBEEDB /* Login */,
				7AC9ECB818801E2D00DBEEDB /* MainMenu */,
				7A43B8D4187C46F500725428 /* Supporting Files */,
			);
			path = bcsapat;
			sourceTree = "<group>";
		};
		7A43B8D4187C46F500725428 /* Supporting Files */ = {
			isa = PBXGroup;
			children = (
				7ACCC65918931AA2006B0A0C /* ViewController.h */,
				7ACCC65A18931AA2006B0A0C /* ViewController.m */,
				7A43B8DC187C46F500725428 /* AppDelegate.h */,
				7A43B8DD187C46F500725428 /* AppDelegate.m */,
				7A43B8E5187C46F500725428 /* MainStoryboard_iPhone.storyboard */,
				7A43B8E8187C46F500725428 /* MainStoryboard_iPad.storyboard */,
				7A43B8D5187C46F500725428 /* bcsapat-Info.plist */,
				7A43B8D6187C46F500725428 /* InfoPlist.strings */,
				7A43B8D9187C46F500725428 /* main.m */,
				7A43B8DB187C46F500725428 /* bcsapat-Prefix.pch */,
				7A43B8DF187C46F500725428 /* Default.png */,
				7A43B8E1187C46F500725428 /* Default@2x.png */,
				7A43B8E3187C46F500725428 /* Default-568h@2x.png */,
			);
			name = "Supporting Files";
			sourceTree = "<group>";
		};
		7AC9ECB818801E2D00DBEEDB /* MainMenu */ = {
			isa = PBXGroup;
			children = (
				7AC9ECBE1880202000DBEEDB /* MenuClubListView.h */,
				7AC9ECBF1880202000DBEEDB /* MenuClubListView.m */,
				7AC9ECC418802C0100DBEEDB /* MenuMapView.h */,
				7AC9ECC518802C0100DBEEDB /* MenuMapView.m */,
				7AD0542818896F1B0058B94E /* PickerForSearchView.h */,
				7AD0542918896F1B0058B94E /* PickerForSearchView.m */,
				7A04F57518901CA9009FAA3B /* SearchTableView.h */,
				7A04F57618901CA9009FAA3B /* SearchTableView.m */,
			);
			name = MainMenu;
			sourceTree = "<group>";
		};
		7AC9ECB918801E8D00DBEEDB /* Login */ = {
			isa = PBXGroup;
			children = (
				7AC9ECB418801D0100DBEEDB /* LoginView.h */,
				7AC9ECB518801D0100DBEEDB /* LoginView.m */,
				7AE0D99518854FE50089CE3D /* RegisterView.h */,
				7AE0D99618854FE50089CE3D /* RegisterView.m */,
				7AD0DB381891343A007DBB1E /* InfoAboutTheApplicationView.h */,
				7AD0DB391891343A007DBB1E /* InfoAboutTheApplicationView.m */,
			);
			name = Login;
			sourceTree = "<group>";
		};
		7AC9ECBA18801EB600DBEEDB /* ReachFromActionSheet */ = {
			isa = PBXGroup;
			children = (
				7AC9ECAB188015B800DBEEDB /* NotificationsView.h */,
				7AC9ECAC188015B800DBEEDB /* NotificationsView.m */,
				7A1A412918804B0F0052D859 /* NewTypePickerView.h */,
				7A1A412A18804B0F0052D859 /* NewTypePickerView.m */,
				7AD05422188959070058B94E /* EditProfileView.h */,
				7AD05423188959070058B94E /* EditProfileView.m */,
				7AD054251889596C0058B94E /* ChangePasswordView.h */,
				7AD054261889596C0058B94E /* ChangePasswordView.m */,
				7AD4C8F1188FDEE1001E8D91 /* ProfileTableView.h */,
				7AD4C8F2188FDEE1001E8D91 /* ProfileTableView.m */,
				7A4FA9E61891963900222870 /* AddNewClubTableView.h */,
				7A4FA9E71891963900222870 /* AddNewClubTableView.m */,
				7ACCC65618931872006B0A0C /* AdminTableView.h */,
				7ACCC65718931872006B0A0C /* AdminTableView.m */,
				7ADBD2FD18957FE2008A2261 /* NotificationDetailView.h */,
				7ADBD2FE18957FE2008A2261 /* NotificationDetailView.m */,
			);
			name = ReachFromActionSheet;
			sourceTree = "<group>";
		};
		7ACCC65418931720006B0A0C /* Pictures */ = {
			isa = PBXGroup;
			children = (
				7ADA3ACF1897F88700CB34D5 /* tab_bar_mukodj21.png */,
				7ADB94D11896EFE100C69CF8 /* purple_trans50.png */,
				7ADB94BB1896BD0600C69CF8 /* ic_action_favorite.png */,
				7ADB94B91896974600C69CF8 /* foregroundStar@2x.png */,
				7ADB94B71896973B00C69CF8 /* foregroundStar.png */,
				7ADB94B51896973000C69CF8 /* backgroundStar@2x.png */,
				7ADB94B31896972600C69CF8 /* backgroundStar.png */,
				7AD72B0018967A3800BEE75E /* tab_bar_mukodj2.png */,
				7AD72AFC1896724900BEE75E /* bricskok_tab.png */,
				7AD72AFA1896707200BEE75E /* tab_bg.png */,
				7AD72AF8189668D100BEE75E /* ic_action_accept.png */,
				7AD72AF6189668C800BEE75E /* ic_action_next_item.png */,
				7ADBD30B1895B3F4008A2261 /* ic_action_send.png */,
				7ADBD30618959F07008A2261 /* ic_action_user.png */,
				7ADBD2F91895631D008A2261 /* bricskok.png */,
				7ADBD2ED18952E90008A2261 /* website-background-1024x576.jpg */,
				7A157EE818942BD60092BBBB /* background.png */,
				7A157EE2189418F70092BBBB /* lila.png */,
				7A157EE418941D400092BBBB /* navigation.png */,
				7A157EE01893F1140092BBBB /* tab_select_indicator_white.png */,
				7A157EDE1893E8660092BBBB /* ic_action_about.png */,
				7A157EDC1893E84F0092BBBB /* ic_action_camera.png */,
				7A157EDA1893DFA10092BBBB /* ic_action_view_as_list.png */,
				7A157ED81893DF930092BBBB /* ic_action_map.png */,
				7A157ED61893D86F0092BBBB /* ic_action_search.png */,
				7AD8D147188EE28400783AE5 /* Nightclub-theme.jpg */,
				7AD8D145188EE27C00783AE5 /* Bar.jpg */,
				7AD0542B1889734C0058B94E /* 2050-halloween-debrecen-halloween-napok-az-erdospuszta-club-hotelben.jpg */,
			);
			name = Pictures;
			sourceTree = "<group>";
		};
		7ACCC6551893176E006B0A0C /* Annotation for the map */ = {
			isa = PBXGroup;
			children = (
				7AD7E5371886ABA200656FCF /* MyAnnotation.h */,
				7AD7E5381886ABA200656FCF /* MyAnnotation.m */,
			);
			name = "Annotation for the map";
			sourceTree = "<group>";
		};
		7AD6856918841F6500D52D4A /* Database */ = {
			isa = PBXGroup;
			children = (
				7AD6858218845A5900D52D4A /* partyapp.db */,
				7AD6856A18841FCC00D52D4A /* MyDatabase.h */,
				7AD6856B18841FCC00D52D4A /* MyDatabase.m */,
				7AD6856F18842C7900D52D4A /* Util */,
			);
			name = Database;
			sourceTree = "<group>";
		};
		7AD6856F18842C7900D52D4A /* Util */ = {
			isa = PBXGroup;
			children = (
				7AFFF40218859C7B000B06FD /* Communication */,
				7AD6857018842C9500D52D4A /* User.h */,
				7AD6857118842C9500D52D4A /* User.m */,
				7AD6857318842CB100D52D4A /* Club.h */,
				7AD6857418842CB100D52D4A /* Club.m */,
				7AD6857618842CC300D52D4A /* Event.h */,
				7AD6857718842CC300D52D4A /* Event.m */,
				7AD6857918842CE700D52D4A /* MenuItem.h */,
				7AD6857A18842CE800D52D4A /* MenuItem.m */,
				7AD6857C18842CF300D52D4A /* Rating.h */,
				7AD6857D18842CF300D52D4A /* Rating.m */,
				7AD6857F18842D7D00D52D4A /* Session.h */,
				7AD6858018842D7D00D52D4A /* Session.m */,
			);
			name = Util;
			sourceTree = "<group>";
		};
		7AD9411218885EA600EC78C9 /* BarsAndPubsAndRestaurants */ = {
			isa = PBXGroup;
			children = (
				7AD9411318885EF100EC78C9 /* InformationView.h */,
				7AD9411418885EF100EC78C9 /* InformationView.m */,
				7AD8D0FA188E8E1800783AE5 /* PicturesCollectionView.h */,
				7AD8D0FB188E8E1800783AE5 /* PicturesCollectionView.m */,
				7AD8D13A188ED8B300783AE5 /* PictureView.h */,
				7AD8D13B188ED8B300783AE5 /* PictureView.m */,
				7AD4C8F4189002FC001E8D91 /* ClubMapView.h */,
				7AD4C8F5189002FC001E8D91 /* ClubMapView.m */,
				7A04F57818904B94009FAA3B /* FoodsAndDrinksTableView.h */,
				7A04F57918904B94009FAA3B /* FoodsAndDrinksTableView.m */,
				7AF627CA18914F8800A57FA0 /* RatingTableViewViewController.h */,
				7AF627CB18914F8800A57FA0 /* RatingTableViewViewController.m */,
				7A4FA9E3189160D000222870 /* DrinkOrFoodView.h */,
				7A4FA9E4189160D000222870 /* DrinkOrFoodView.m */,
				7ADBD30318959A81008A2261 /* EventsTableView.h */,
				7ADBD30418959A81008A2261 /* EventsTableView.m */,
				7ADBD30818959F55008A2261 /* EventDetailView.h */,
				7ADBD30918959F55008A2261 /* EventDetailView.m */,
				7ADB94C01896C4B600C69CF8 /* MusicTypePickerView.h */,
				7ADB94C11896C4B700C69CF8 /* MusicTypePickerView.m */,
				7ADB94C31896C9CC00C69CF8 /* AddNewEventView.h */,
				7ADB94C41896C9CC00C69CF8 /* AddNewEventView.m */,
				7ADB94C61896CD7700C69CF8 /* EventEditView.h */,
				7ADB94C71896CD7800C69CF8 /* EventEditView.m */,
				7ADB94C91896D8EE00C69CF8 /* RatingDetailView.h */,
				7ADB94CA1896D8EE00C69CF8 /* RatingDetailView.m */,
			);
			name = BarsAndPubsAndRestaurants;
			sourceTree = "<group>";
		};
		7ADB94AF1896953600C69CF8 /* Rating Stars */ = {
			isa = PBXGroup;
			children = (
				7ADB94B01896955F00C69CF8 /* TQStarRatingView.h */,
				7ADB94B11896955F00C69CF8 /* TQStarRatingView.m */,
				7ADB94CC1896DD2A00C69CF8 /* MovingStars.h */,
				7ADB94CD1896DD2A00C69CF8 /* MovingStars.m */,
			);
			name = "Rating Stars";
			sourceTree = "<group>";
		};
		7AFFF40218859C7B000B06FD /* Communication */ = {
			isa = PBXGroup;
			children = (
				7AFFF40318859CB0000B06FD /* CommunicationProtocol.h */,
				7AFFF40418859CEC000B06FD /* SillyCommunication.h */,
				7AFFF40518859CEC000B06FD /* SillyCommunication.m */,
				7AC920581890641B0061E61A /* Communication.h */,
				7AC920591890641B0061E61A /* Communication.m */,
			);
			name = Communication;
			path = ..;
			sourceTree = "<group>";
		};
/* End PBXGroup section */

/* Begin PBXNativeTarget section */
		7A43B8C9187C46F500725428 /* bcsapat */ = {
			isa = PBXNativeTarget;
			buildConfigurationList = 7A43B8F0187C46F500725428 /* Build configuration list for PBXNativeTarget "bcsapat" */;
			buildPhases = (
				7A43B8C6187C46F500725428 /* Sources */,
				7A43B8C7187C46F500725428 /* Frameworks */,
				7A43B8C8187C46F500725428 /* Resources */,
			);
			buildRules = (
			);
			dependencies = (
			);
			name = bcsapat;
			productName = bcsapat;
			productReference = 7A43B8CA187C46F500725428 /* bcsapat.app */;
			productType = "com.apple.product-type.application";
		};
/* End PBXNativeTarget section */

/* Begin PBXProject section */
		7A43B8C2187C46F500725428 /* Project object */ = {
			isa = PBXProject;
			attributes = {
				LastUpgradeCheck = 0460;
				ORGANIZATIONNAME = hallgato;
			};
			buildConfigurationList = 7A43B8C5187C46F500725428 /* Build configuration list for PBXProject "bcsapat" */;
			compatibilityVersion = "Xcode 3.2";
			developmentRegion = English;
			hasScannedForEncodings = 0;
			knownRegions = (
				en,
			);
			mainGroup = 7A43B8C1187C46F500725428;
			productRefGroup = 7A43B8CB187C46F500725428 /* Products */;
			projectDirPath = "";
			projectRoot = "";
			targets = (
				7A43B8C9187C46F500725428 /* bcsapat */,
			);
		};
/* End PBXProject section */

/* Begin PBXResourcesBuildPhase section */
		7A43B8C8187C46F500725428 /* Resources */ = {
			isa = PBXResourcesBuildPhase;
			buildActionMask = 2147483647;
			files = (
				7A43B8D8187C46F500725428 /* InfoPlist.strings in Resources */,
				7A43B8E0187C46F500725428 /* Default.png in Resources */,
				7A43B8E2187C46F500725428 /* Default@2x.png in Resources */,
				7A43B8E4187C46F500725428 /* Default-568h@2x.png in Resources */,
				7A43B8E7187C46F500725428 /* MainStoryboard_iPhone.storyboard in Resources */,
				7A43B8EA187C46F500725428 /* MainStoryboard_iPad.storyboard in Resources */,
				7AD6858318845A5A00D52D4A /* partyapp.db in Resources */,
				7AD0542C1889734C0058B94E /* 2050-halloween-debrecen-halloween-napok-az-erdospuszta-club-hotelben.jpg in Resources */,
				7AD8D146188EE27C00783AE5 /* Bar.jpg in Resources */,
				7AD8D148188EE28400783AE5 /* Nightclub-theme.jpg in Resources */,
				7A157ED71893D86F0092BBBB /* ic_action_search.png in Resources */,
				7A157ED91893DF930092BBBB /* ic_action_map.png in Resources */,
				7A157EDB1893DFA10092BBBB /* ic_action_view_as_list.png in Resources */,
				7A157EDD1893E84F0092BBBB /* ic_action_camera.png in Resources */,
				7A157EDF1893E8660092BBBB /* ic_action_about.png in Resources */,
				7A157EE11893F1140092BBBB /* tab_select_indicator_white.png in Resources */,
				7A157EE3189418F70092BBBB /* lila.png in Resources */,
				7A157EE518941D400092BBBB /* navigation.png in Resources */,
				7A157EE918942BD60092BBBB /* background.png in Resources */,
				7ADBD2EE18952E90008A2261 /* website-background-1024x576.jpg in Resources */,
				7ADBD2FA1895631D008A2261 /* bricskok.png in Resources */,
				7ADBD30718959F07008A2261 /* ic_action_user.png in Resources */,
				7ADBD30C1895B3F4008A2261 /* ic_action_send.png in Resources */,
				7AD72AF7189668C900BEE75E /* ic_action_next_item.png in Resources */,
				7AD72AF9189668D100BEE75E /* ic_action_accept.png in Resources */,
				7AD72AFB1896707200BEE75E /* tab_bg.png in Resources */,
				7AD72AFD1896724900BEE75E /* bricskok_tab.png in Resources */,
				7AD72B0118967A3800BEE75E /* tab_bar_mukodj2.png in Resources */,
				7ADB94B41896972600C69CF8 /* backgroundStar.png in Resources */,
				7ADB94B61896973000C69CF8 /* backgroundStar@2x.png in Resources */,
				7ADB94B81896973B00C69CF8 /* foregroundStar.png in Resources */,
				7ADB94BA1896974600C69CF8 /* foregroundStar@2x.png in Resources */,
				7ADB94BC1896BD0600C69CF8 /* ic_action_favorite.png in Resources */,
				7ADB94D21896EFE100C69CF8 /* purple_trans50.png in Resources */,
				7ADA3AD21897F8FE00CB34D5 /* PartyICONlila.png in Resources */,
			);
			runOnlyForDeploymentPostprocessing = 0;
		};
/* End PBXResourcesBuildPhase section */

/* Begin PBXSourcesBuildPhase section */
		7A43B8C6187C46F500725428 /* Sources */ = {
			isa = PBXSourcesBuildPhase;
			buildActionMask = 2147483647;
			files = (
				7A43B8DA187C46F500725428 /* main.m in Sources */,
				7A43B8DE187C46F500725428 /* AppDelegate.m in Sources */,
				7AC9ECAD188015B800DBEEDB /* NotificationsView.m in Sources */,
				7AC9ECB618801D0100DBEEDB /* LoginView.m in Sources */,
				7AC9ECC01880202000DBEEDB /* MenuClubListView.m in Sources */,
				7AC9ECC618802C0100DBEEDB /* MenuMapView.m in Sources */,
				7A1A412B18804B0F0052D859 /* NewTypePickerView.m in Sources */,
				7AD6856C18841FCC00D52D4A /* MyDatabase.m in Sources */,
				7AD6857218842C9500D52D4A /* User.m in Sources */,
				7AD6857518842CB200D52D4A /* Club.m in Sources */,
				7AD6857818842CC300D52D4A /* Event.m in Sources */,
				7AD6857B18842CE800D52D4A /* MenuItem.m in Sources */,
				7AD6857E18842CF300D52D4A /* Rating.m in Sources */,
				7AD6858118842D7D00D52D4A /* Session.m in Sources */,
				7AE0D99718854FE50089CE3D /* RegisterView.m in Sources */,
				7AFFF40618859CEC000B06FD /* SillyCommunication.m in Sources */,
				7AD7E5391886ABA200656FCF /* MyAnnotation.m in Sources */,
				7AD9411518885EF100EC78C9 /* InformationView.m in Sources */,
				7AD05424188959070058B94E /* EditProfileView.m in Sources */,
				7AD054271889596C0058B94E /* ChangePasswordView.m in Sources */,
				7AD0542A18896F1B0058B94E /* PickerForSearchView.m in Sources */,
				7AD8D0FC188E8E1800783AE5 /* PicturesCollectionView.m in Sources */,
				7AD8D13C188ED8B300783AE5 /* PictureView.m in Sources */,
				7AD4C8F3188FDEE1001E8D91 /* ProfileTableView.m in Sources */,
				7AD4C8F6189002FC001E8D91 /* ClubMapView.m in Sources */,
				7A04F57718901CA9009FAA3B /* SearchTableView.m in Sources */,
				7A04F57A18904B94009FAA3B /* FoodsAndDrinksTableView.m in Sources */,
				7AC9205A1890641B0061E61A /* Communication.m in Sources */,
				7AD0DB3A1891343A007DBB1E /* InfoAboutTheApplicationView.m in Sources */,
				7AF627CC18914F8800A57FA0 /* RatingTableViewViewController.m in Sources */,
				7A4FA9E5189160D000222870 /* DrinkOrFoodView.m in Sources */,
				7A4FA9E81891963900222870 /* AddNewClubTableView.m in Sources */,
				7ACCC65818931873006B0A0C /* AdminTableView.m in Sources */,
				7ACCC65B18931AA2006B0A0C /* ViewController.m in Sources */,
				7ADBD2FF18957FE2008A2261 /* NotificationDetailView.m in Sources */,
				7ADBD30518959A81008A2261 /* EventsTableView.m in Sources */,
				7ADBD30A18959F56008A2261 /* EventDetailView.m in Sources */,
				7ADB94B21896955F00C69CF8 /* TQStarRatingView.m in Sources */,
				7ADB94C21896C4B700C69CF8 /* MusicTypePickerView.m in Sources */,
				7ADB94C51896C9CC00C69CF8 /* AddNewEventView.m in Sources */,
				7ADB94C81896CD7800C69CF8 /* EventEditView.m in Sources */,
				7ADB94CB1896D8EF00C69CF8 /* RatingDetailView.m in Sources */,
				7ADB94CE1896DD2A00C69CF8 /* MovingStars.m in Sources */,
			);
			runOnlyForDeploymentPostprocessing = 0;
		};
/* End PBXSourcesBuildPhase section */

/* Begin PBXVariantGroup section */
		7A43B8D6187C46F500725428 /* InfoPlist.strings */ = {
			isa = PBXVariantGroup;
			children = (
				7A43B8D7187C46F500725428 /* en */,
			);
			name = InfoPlist.strings;
			sourceTree = "<group>";
		};
		7A43B8E5187C46F500725428 /* MainStoryboard_iPhone.storyboard */ = {
			isa = PBXVariantGroup;
			children = (
				7A43B8E6187C46F500725428 /* en */,
			);
			name = MainStoryboard_iPhone.storyboard;
			sourceTree = "<group>";
		};
		7A43B8E8187C46F500725428 /* MainStoryboard_iPad.storyboard */ = {
			isa = PBXVariantGroup;
			children = (
				7A43B8E9187C46F500725428 /* en */,
			);
			name = MainStoryboard_iPad.storyboard;
			sourceTree = "<group>";
		};
/* End PBXVariantGroup section */

/* Begin XCBuildConfiguration section */
		7A43B8EE187C46F500725428 /* Debug */ = {
			isa = XCBuildConfiguration;
			buildSettings = {
				ALWAYS_SEARCH_USER_PATHS = NO;
				CLANG_CXX_LANGUAGE_STANDARD = "gnu++0x";
				CLANG_CXX_LIBRARY = "libc++";
				CLANG_ENABLE_OBJC_ARC = YES;
				CLANG_WARN_CONSTANT_CONVERSION = YES;
				CLANG_WARN_EMPTY_BODY = YES;
				CLANG_WARN_ENUM_CONVERSION = YES;
				CLANG_WARN_INT_CONVERSION = YES;
				CLANG_WARN__DUPLICATE_METHOD_MATCH = YES;
				"CODE_SIGN_IDENTITY[sdk=iphoneos*]" = "iPhone Developer";
				COPY_PHASE_STRIP = NO;
				GCC_C_LANGUAGE_STANDARD = gnu99;
				GCC_DYNAMIC_NO_PIC = NO;
				GCC_OPTIMIZATION_LEVEL = 0;
				GCC_PREPROCESSOR_DEFINITIONS = (
					"DEBUG=1",
					"$(inherited)",
				);
				GCC_SYMBOLS_PRIVATE_EXTERN = NO;
				GCC_WARN_ABOUT_RETURN_TYPE = YES;
				GCC_WARN_UNINITIALIZED_AUTOS = YES;
				GCC_WARN_UNUSED_VARIABLE = YES;
				IPHONEOS_DEPLOYMENT_TARGET = 6.1;
				ONLY_ACTIVE_ARCH = YES;
				SDKROOT = iphoneos;
				TARGETED_DEVICE_FAMILY = "1,2";
			};
			name = Debug;
		};
		7A43B8EF187C46F500725428 /* Release */ = {
			isa = XCBuildConfiguration;
			buildSettings = {
				ALWAYS_SEARCH_USER_PATHS = NO;
				CLANG_CXX_LANGUAGE_STANDARD = "gnu++0x";
				CLANG_CXX_LIBRARY = "libc++";
				CLANG_ENABLE_OBJC_ARC = YES;
				CLANG_WARN_CONSTANT_CONVERSION = YES;
				CLANG_WARN_EMPTY_BODY = YES;
				CLANG_WARN_ENUM_CONVERSION = YES;
				CLANG_WARN_INT_CONVERSION = YES;
				CLANG_WARN__DUPLICATE_METHOD_MATCH = YES;
				"CODE_SIGN_IDENTITY[sdk=iphoneos*]" = "iPhone Developer";
				COPY_PHASE_STRIP = YES;
				GCC_C_LANGUAGE_STANDARD = gnu99;
				GCC_WARN_ABOUT_RETURN_TYPE = YES;
				GCC_WARN_UNINITIALIZED_AUTOS = YES;
				GCC_WARN_UNUSED_VARIABLE = YES;
				IPHONEOS_DEPLOYMENT_TARGET = 6.1;
				OTHER_CFLAGS = "-DNS_BLOCK_ASSERTIONS=1";
				SDKROOT = iphoneos;
				TARGETED_DEVICE_FAMILY = "1,2";
				VALIDATE_PRODUCT = YES;
			};
			name = Release;
		};
		7A43B8F1187C46F500725428 /* Debug */ = {
			isa = XCBuildConfiguration;
			buildSettings = {
				GCC_PRECOMPILE_PREFIX_HEADER = YES;
				GCC_PREFIX_HEADER = "bcsapat/bcsapat-Prefix.pch";
				INFOPLIST_FILE = "bcsapat/bcsapat-Info.plist";
				PRODUCT_NAME = "$(TARGET_NAME)";
				WRAPPER_EXTENSION = app;
			};
			name = Debug;
		};
		7A43B8F2187C46F500725428 /* Release */ = {
			isa = XCBuildConfiguration;
			buildSettings = {
				GCC_PRECOMPILE_PREFIX_HEADER = YES;
				GCC_PREFIX_HEADER = "bcsapat/bcsapat-Prefix.pch";
				INFOPLIST_FILE = "bcsapat/bcsapat-Info.plist";
				PRODUCT_NAME = "$(TARGET_NAME)";
				WRAPPER_EXTENSION = app;
			};
			name = Release;
		};
/* End XCBuildConfiguration section */

/* Begin XCConfigurationList section */
		7A43B8C5187C46F500725428 /* Build configuration list for PBXProject "bcsapat" */ = {
			isa = XCConfigurationList;
			buildConfigurations = (
				7A43B8EE187C46F500725428 /* Debug */,
				7A43B8EF187C46F500725428 /* Release */,
			);
			defaultConfigurationIsVisible = 0;
			defaultConfigurationName = Release;
		};
		7A43B8F0187C46F500725428 /* Build configuration list for PBXNativeTarget "bcsapat" */ = {
			isa = XCConfigurationList;
			buildConfigurations = (
				7A43B8F1187C46F500725428 /* Debug */,
				7A43B8F2187C46F500725428 /* Release */,
			);
			defaultConfigurationIsVisible = 0;
			defaultConfigurationName = Release;
		};
/* End XCConfigurationList section */
	};
	rootObject = 7A43B8C2187C46F500725428 /* Project object */;
}
